// !$*UTF8*$!
{
	archiveVersion = 1;
	classes = {
	};
	objectVersion = 51;
	objects = {

/* Begin PBXBuildFile section */
		2400ADC724C42393005A79DF /* MyCell.swift in Sources */ = {isa = PBXBuildFile; fileRef = 2400ADC624C42393005A79DF /* MyCell.swift */; };
		240F1DF424C3601B003CFC06 /* MenuModel.swift in Sources */ = {isa = PBXBuildFile; fileRef = 240F1DF324C3601B003CFC06 /* MenuModel.swift */; };
		240F1DF724C3609B003CFC06 /* MenuTableViewController.swift in Sources */ = {isa = PBXBuildFile; fileRef = 240F1DF624C3609B003CFC06 /* MenuTableViewController.swift */; };
		240F1DFB24C36797003CFC06 /* ViewController2.swift in Sources */ = {isa = PBXBuildFile; fileRef = 240F1DFA24C36797003CFC06 /* ViewController2.swift */; };
		240F1DFD24C367A2003CFC06 /* ViewController3.swift in Sources */ = {isa = PBXBuildFile; fileRef = 240F1DFC24C367A2003CFC06 /* ViewController3.swift */; };
		240F1DFF24C367AD003CFC06 /* ViewController4.swift in Sources */ = {isa = PBXBuildFile; fileRef = 240F1DFE24C367AD003CFC06 /* ViewController4.swift */; };
		240F1E0124C37994003CFC06 /* ViewController1.swift in Sources */ = {isa = PBXBuildFile; fileRef = 240F1E0024C37994003CFC06 /* ViewController1.swift */; };
		24E9DC5124C2E0D200AD0841 /* AppDelegate.swift in Sources */ = {isa = PBXBuildFile; fileRef = 24E9DC5024C2E0D200AD0841 /* AppDelegate.swift */; };
		24E9DC5324C2E0D200AD0841 /* SceneDelegate.swift in Sources */ = {isa = PBXBuildFile; fileRef = 24E9DC5224C2E0D200AD0841 /* SceneDelegate.swift */; };
		24E9DC5524C2E0D200AD0841 /* ViewController.swift in Sources */ = {isa = PBXBuildFile; fileRef = 24E9DC5424C2E0D200AD0841 /* ViewController.swift */; };
		24E9DC5824C2E0D200AD0841 /* Main.storyboard in Resources */ = {isa = PBXBuildFile; fileRef = 24E9DC5624C2E0D200AD0841 /* Main.storyboard */; };
		24E9DC5B24C2E0D200AD0841 /* AppCCoreData.xcdatamodeld in Sources */ = {isa = PBXBuildFile; fileRef = 24E9DC5924C2E0D200AD0841 /* AppCCoreData.xcdatamodeld */; };
		24E9DC5D24C2E0D400AD0841 /* Assets.xcassets in Resources */ = {isa = PBXBuildFile; fileRef = 24E9DC5C24C2E0D400AD0841 /* Assets.xcassets */; };
		24E9DC6024C2E0D400AD0841 /* LaunchScreen.storyboard in Resources */ = {isa = PBXBuildFile; fileRef = 24E9DC5E24C2E0D400AD0841 /* LaunchScreen.storyboard */; };
		24E9DC6824C2E0F200AD0841 /* MesNotes.rtf in Resources */ = {isa = PBXBuildFile; fileRef = 24E9DC6724C2E0F200AD0841 /* MesNotes.rtf */; };
		24E9DC7024C2E89200AD0841 /* Person+CoreDataClass.swift in Sources */ = {isa = PBXBuildFile; fileRef = 24E9DC6E24C2E89200AD0841 /* Person+CoreDataClass.swift */; };
		24E9DC7124C2E89200AD0841 /* Person+CoreDataProperties.swift in Sources */ = {isa = PBXBuildFile; fileRef = 24E9DC6F24C2E89200AD0841 /* Person+CoreDataProperties.swift */; };
		24E9DC7324C32EAB00AD0841 /* AnimationsViewController.swift in Sources */ = {isa = PBXBuildFile; fileRef = 24E9DC7224C32EAB00AD0841 /* AnimationsViewController.swift */; };
		2B397D3B837EA5CC46D4029B /* Pods_AppCCoreData.framework in Frameworks */ = {isa = PBXBuildFile; fileRef = 6D709027E751CF09F84FBC1E /* Pods_AppCCoreData.framework */; };
/* End PBXBuildFile section */

/* Begin PBXFileReference section */
		2400ADC624C42393005A79DF /* MyCell.swift */ = {isa = PBXFileReference; lastKnownFileType = sourcecode.swift; name = MyCell.swift; path = /Users/nadiamettioui/Desktop/AppJuin20/AppCCoreData/AppCCoreData/MyCell.swift; sourceTree = "<absolute>"; };
		240F1DF324C3601B003CFC06 /* MenuModel.swift */ = {isa = PBXFileReference; lastKnownFileType = sourcecode.swift; path = MenuModel.swift; sourceTree = "<group>"; };
		240F1DF624C3609B003CFC06 /* MenuTableViewController.swift */ = {isa = PBXFileReference; lastKnownFileType = sourcecode.swift; path = MenuTableViewController.swift; sourceTree = "<group>"; };
		240F1DFA24C36797003CFC06 /* ViewController2.swift */ = {isa = PBXFileReference; lastKnownFileType = sourcecode.swift; path = ViewController2.swift; sourceTree = "<group>"; };
		240F1DFC24C367A2003CFC06 /* ViewController3.swift */ = {isa = PBXFileReference; lastKnownFileType = sourcecode.swift; path = ViewController3.swift; sourceTree = "<group>"; };
		240F1DFE24C367AD003CFC06 /* ViewController4.swift */ = {isa = PBXFileReference; lastKnownFileType = sourcecode.swift; path = ViewController4.swift; sourceTree = "<group>"; };
		240F1E0024C37994003CFC06 /* ViewController1.swift */ = {isa = PBXFileReference; lastKnownFileType = sourcecode.swift; path = ViewController1.swift; sourceTree = "<group>"; };
		24E9DC4D24C2E0D200AD0841 /* AppCCoreData.app */ = {isa = PBXFileReference; explicitFileType = wrapper.application; includeInIndex = 0; path = AppCCoreData.app; sourceTree = BUILT_PRODUCTS_DIR; };
		24E9DC5024C2E0D200AD0841 /* AppDelegate.swift */ = {isa = PBXFileReference; lastKnownFileType = sourcecode.swift; path = AppDelegate.swift; sourceTree = "<group>"; };
		24E9DC5224C2E0D200AD0841 /* SceneDelegate.swift */ = {isa = PBXFileReference; lastKnownFileType = sourcecode.swift; path = SceneDelegate.swift; sourceTree = "<group>"; };
		24E9DC5424C2E0D200AD0841 /* ViewController.swift */ = {isa = PBXFileReference; lastKnownFileType = sourcecode.swift; path = ViewController.swift; sourceTree = "<group>"; };
		24E9DC5724C2E0D200AD0841 /* Base */ = {isa = PBXFileReference; lastKnownFileType = file.storyboard; name = Base; path = Base.lproj/Main.storyboard; sourceTree = "<group>"; };
		24E9DC5A24C2E0D200AD0841 /* AppCCoreData.xcdatamodel */ = {isa = PBXFileReference; lastKnownFileType = wrapper.xcdatamodel; path = AppCCoreData.xcdatamodel; sourceTree = "<group>"; };
		24E9DC5C24C2E0D400AD0841 /* Assets.xcassets */ = {isa = PBXFileReference; lastKnownFileType = folder.assetcatalog; path = Assets.xcassets; sourceTree = "<group>"; };
		24E9DC5F24C2E0D400AD0841 /* Base */ = {isa = PBXFileReference; lastKnownFileType = file.storyboard; name = Base; path = Base.lproj/LaunchScreen.storyboard; sourceTree = "<group>"; };
		24E9DC6124C2E0D400AD0841 /* Info.plist */ = {isa = PBXFileReference; lastKnownFileType = text.plist.xml; path = Info.plist; sourceTree = "<group>"; };
		24E9DC6724C2E0F200AD0841 /* MesNotes.rtf */ = {isa = PBXFileReference; lastKnownFileType = text.rtf; path = MesNotes.rtf; sourceTree = "<group>"; };
		24E9DC6E24C2E89200AD0841 /* Person+CoreDataClass.swift */ = {isa = PBXFileReference; lastKnownFileType = sourcecode.swift; path = "Person+CoreDataClass.swift"; sourceTree = "<group>"; };
		24E9DC6F24C2E89200AD0841 /* Person+CoreDataProperties.swift */ = {isa = PBXFileReference; lastKnownFileType = sourcecode.swift; path = "Person+CoreDataProperties.swift"; sourceTree = "<group>"; };
		24E9DC7224C32EAB00AD0841 /* AnimationsViewController.swift */ = {isa = PBXFileReference; lastKnownFileType = sourcecode.swift; path = AnimationsViewController.swift; sourceTree = "<group>"; };
		6D709027E751CF09F84FBC1E /* Pods_AppCCoreData.framework */ = {isa = PBXFileReference; explicitFileType = wrapper.framework; includeInIndex = 0; path = Pods_AppCCoreData.framework; sourceTree = BUILT_PRODUCTS_DIR; };
		A51F400D2CABD1C2B2A3459D /* Pods-AppCCoreData.release.xcconfig */ = {isa = PBXFileReference; includeInIndex = 1; lastKnownFileType = text.xcconfig; name = "Pods-AppCCoreData.release.xcconfig"; path = "Target Support Files/Pods-AppCCoreData/Pods-AppCCoreData.release.xcconfig"; sourceTree = "<group>"; };
		C094155FDF99E73A6B302138 /* Pods-AppCCoreData.debug.xcconfig */ = {isa = PBXFileReference; includeInIndex = 1; lastKnownFileType = text.xcconfig; name = "Pods-AppCCoreData.debug.xcconfig"; path = "Target Support Files/Pods-AppCCoreData/Pods-AppCCoreData.debug.xcconfig"; sourceTree = "<group>"; };
/* End PBXFileReference section */

/* Begin PBXFrameworksBuildPhase section */
		24E9DC4A24C2E0D200AD0841 /* Frameworks */ = {
			isa = PBXFrameworksBuildPhase;
			buildActionMask = 2147483647;
			files = (
				2B397D3B837EA5CC46D4029B /* Pods_AppCCoreData.framework in Frameworks */,
			);
			runOnlyForDeploymentPostprocessing = 0;
		};
/* End PBXFrameworksBuildPhase section */

/* Begin PBXGroup section */
		0F2144AA291B685C2352DF8F /* Frameworks */ = {
			isa = PBXGroup;
			children = (
				6D709027E751CF09F84FBC1E /* Pods_AppCCoreData.framework */,
			);
			name = Frameworks;
			sourceTree = "<group>";
		};
		23F3A6C341BFBF46EAFB2775 /* Pods */ = {
			isa = PBXGroup;
			children = (
				C094155FDF99E73A6B302138 /* Pods-AppCCoreData.debug.xcconfig */,
				A51F400D2CABD1C2B2A3459D /* Pods-AppCCoreData.release.xcconfig */,
			);
			path = Pods;
			sourceTree = "<group>";
		};
		240F1DF524C36075003CFC06 /* MenuFile */ = {
			isa = PBXGroup;
			children = (
				240F1DF324C3601B003CFC06 /* MenuModel.swift */,
				240F1DF624C3609B003CFC06 /* MenuTableViewController.swift */,
				240F1E0024C37994003CFC06 /* ViewController1.swift */,
				240F1DFA24C36797003CFC06 /* ViewController2.swift */,
				240F1DFC24C367A2003CFC06 /* ViewController3.swift */,
				240F1DFE24C367AD003CFC06 /* ViewController4.swift */,
			);
			path = MenuFile;
			sourceTree = "<group>";
		};
		24E9DC4424C2E0D200AD0841 = {
			isa = PBXGroup;
			children = (
				24E9DC6724C2E0F200AD0841 /* MesNotes.rtf */,
				24E9DC4F24C2E0D200AD0841 /* AppCCoreData */,
				24E9DC4E24C2E0D200AD0841 /* Products */,
				23F3A6C341BFBF46EAFB2775 /* Pods */,
				0F2144AA291B685C2352DF8F /* Frameworks */,
			);
			sourceTree = "<group>";
		};
		24E9DC4E24C2E0D200AD0841 /* Products */ = {
			isa = PBXGroup;
			children = (
				24E9DC4D24C2E0D200AD0841 /* AppCCoreData.app */,
			);
			name = Products;
			sourceTree = "<group>";
		};
		24E9DC4F24C2E0D200AD0841 /* AppCCoreData */ = {
			isa = PBXGroup;
			children = (
				240F1DF524C36075003CFC06 /* MenuFile */,
				24E9DC6D24C2E37A00AD0841 /* Model */,
				24E9DC5024C2E0D200AD0841 /* AppDelegate.swift */,
				24E9DC5224C2E0D200AD0841 /* SceneDelegate.swift */,
				24E9DC5424C2E0D200AD0841 /* ViewController.swift */,
				2400ADC624C42393005A79DF /* MyCell.swift */,
				24E9DC5624C2E0D200AD0841 /* Main.storyboard */,
				24E9DC7224C32EAB00AD0841 /* AnimationsViewController.swift */,
				24E9DC5C24C2E0D400AD0841 /* Assets.xcassets */,
				24E9DC5E24C2E0D400AD0841 /* LaunchScreen.storyboard */,
				24E9DC6124C2E0D400AD0841 /* Info.plist */,
				24E9DC5924C2E0D200AD0841 /* AppCCoreData.xcdatamodeld */,
			);
			path = AppCCoreData;
			sourceTree = "<group>";
		};
		24E9DC6D24C2E37A00AD0841 /* Model */ = {
			isa = PBXGroup;
			children = (
				24E9DC6E24C2E89200AD0841 /* Person+CoreDataClass.swift */,
				24E9DC6F24C2E89200AD0841 /* Person+CoreDataProperties.swift */,
			);
			path = Model;
			sourceTree = "<group>";
		};
/* End PBXGroup section */

/* Begin PBXNativeTarget section */
		24E9DC4C24C2E0D200AD0841 /* AppCCoreData */ = {
			isa = PBXNativeTarget;
			buildConfigurationList = 24E9DC6424C2E0D400AD0841 /* Build configuration list for PBXNativeTarget "AppCCoreData" */;
			buildPhases = (
				0F2303C1696DB9B5B8F776CF /* [CP] Check Pods Manifest.lock */,
				24E9DC4924C2E0D200AD0841 /* Sources */,
				24E9DC4A24C2E0D200AD0841 /* Frameworks */,
				24E9DC4B24C2E0D200AD0841 /* Resources */,
				E8AF1CDDE525138F79BEF584 /* [CP] Embed Pods Frameworks */,
			);
			buildRules = (
			);
			dependencies = (
			);
			name = AppCCoreData;
			productName = AppCCoreData;
			productReference = 24E9DC4D24C2E0D200AD0841 /* AppCCoreData.app */;
			productType = "com.apple.product-type.application";
		};
/* End PBXNativeTarget section */

/* Begin PBXProject section */
		24E9DC4524C2E0D200AD0841 /* Project object */ = {
			isa = PBXProject;
			attributes = {
				LastSwiftUpdateCheck = 1150;
				LastUpgradeCheck = 1150;
				ORGANIZATIONNAME = "Sirania'Dev";
				TargetAttributes = {
					24E9DC4C24C2E0D200AD0841 = {
						CreatedOnToolsVersion = 11.5;
					};
				};
			};
			buildConfigurationList = 24E9DC4824C2E0D200AD0841 /* Build configuration list for PBXProject "AppCCoreData" */;
			compatibilityVersion = "Xcode 9.3";
			developmentRegion = en;
			hasScannedForEncodings = 0;
			knownRegions = (
				en,
				Base,
			);
			mainGroup = 24E9DC4424C2E0D200AD0841;
			productRefGroup = 24E9DC4E24C2E0D200AD0841 /* Products */;
			projectDirPath = "";
			projectRoot = "";
			targets = (
				24E9DC4C24C2E0D200AD0841 /* AppCCoreData */,
			);
		};
/* End PBXProject section */

/* Begin PBXResourcesBuildPhase section */
		24E9DC4B24C2E0D200AD0841 /* Resources */ = {
			isa = PBXResourcesBuildPhase;
			buildActionMask = 2147483647;
			files = (
				24E9DC6824C2E0F200AD0841 /* MesNotes.rtf in Resources */,
				24E9DC6024C2E0D400AD0841 /* LaunchScreen.storyboard in Resources */,
				24E9DC5D24C2E0D400AD0841 /* Assets.xcassets in Resources */,
				24E9DC5824C2E0D200AD0841 /* Main.storyboard in Resources */,
			);
			runOnlyForDeploymentPostprocessing = 0;
		};
/* End PBXResourcesBuildPhase section */

/* Begin PBXShellScriptBuildPhase section */
		0F2303C1696DB9B5B8F776CF /* [CP] Check Pods Manifest.lock */ = {
			isa = PBXShellScriptBuildPhase;
			buildActionMask = 2147483647;
			files = (
			);
			inputFileListPaths = (
			);
			inputPaths = (
				"${PODS_PODFILE_DIR_PATH}/Podfile.lock",
				"${PODS_ROOT}/Manifest.lock",
			);
			name = "[CP] Check Pods Manifest.lock";
			outputFileListPaths = (
			);
			outputPaths = (
				"$(DERIVED_FILE_DIR)/Pods-AppCCoreData-checkManifestLockResult.txt",
			);
			runOnlyForDeploymentPostprocessing = 0;
			shellPath = /bin/sh;
			shellScript = "diff \"${PODS_PODFILE_DIR_PATH}/Podfile.lock\" \"${PODS_ROOT}/Manifest.lock\" > /dev/null\nif [ $? != 0 ] ; then\n    # print error to STDERR\n    echo \"error: The sandbox is not in sync with the Podfile.lock. Run 'pod install' or update your CocoaPods installation.\" >&2\n    exit 1\nfi\n# This output is used by Xcode 'outputs' to avoid re-running this script phase.\necho \"SUCCESS\" > \"${SCRIPT_OUTPUT_FILE_0}\"\n";
			showEnvVarsInLog = 0;
		};
		E8AF1CDDE525138F79BEF584 /* [CP] Embed Pods Frameworks */ = {
			isa = PBXShellScriptBuildPhase;
			buildActionMask = 2147483647;
			files = (
			);
			inputFileListPaths = (
				"${PODS_ROOT}/Target Support Files/Pods-AppCCoreData/Pods-AppCCoreData-frameworks-${CONFIGURATION}-input-files.xcfilelist",
			);
			name = "[CP] Embed Pods Frameworks";
			outputFileListPaths = (
				"${PODS_ROOT}/Target Support Files/Pods-AppCCoreData/Pods-AppCCoreData-frameworks-${CONFIGURATION}-output-files.xcfilelist",
			);
			runOnlyForDeploymentPostprocessing = 0;
			shellPath = /bin/sh;
			shellScript = "\"${PODS_ROOT}/Target Support Files/Pods-AppCCoreData/Pods-AppCCoreData-frameworks.sh\"\n";
			showEnvVarsInLog = 0;
		};
/* End PBXShellScriptBuildPhase section */

/* Begin PBXSourcesBuildPhase section */
		24E9DC4924C2E0D200AD0841 /* Sources */ = {
			isa = PBXSourcesBuildPhase;
			buildActionMask = 2147483647;
			files = (
				240F1DF424C3601B003CFC06 /* MenuModel.swift in Sources */,
				24E9DC7324C32EAB00AD0841 /* AnimationsViewController.swift in Sources */,
				240F1E0124C37994003CFC06 /* ViewController1.swift in Sources */,
				240F1DFD24C367A2003CFC06 /* ViewController3.swift in Sources */,
				24E9DC5B24C2E0D200AD0841 /* AppCCoreData.xcdatamodeld in Sources */,
				24E9DC5524C2E0D200AD0841 /* ViewController.swift in Sources */,
				240F1DFB24C36797003CFC06 /* ViewController2.swift in Sources */,
				24E9DC7124C2E89200AD0841 /* Person+CoreDataProperties.swift in Sources */,
				240F1DF724C3609B003CFC06 /* MenuTableViewController.swift in Sources */,
				24E9DC7024C2E89200AD0841 /* Person+CoreDataClass.swift in Sources */,
				24E9DC5124C2E0D200AD0841 /* AppDelegate.swift in Sources */,
				2400ADC724C42393005A79DF /* MyCell.swift in Sources */,
				240F1DFF24C367AD003CFC06 /* ViewController4.swift in Sources */,
				24E9DC5324C2E0D200AD0841 /* SceneDelegate.swift in Sources */,
			);
			runOnlyForDeploymentPostprocessing = 0;
		};
/* End PBXSourcesBuildPhase section */

/* Begin PBXVariantGroup section */
		24E9DC5624C2E0D200AD0841 /* Main.storyboard */ = {
			isa = PBXVariantGroup;
			children = (
				24E9DC5724C2E0D200AD0841 /* Base */,
			);
			name = Main.storyboard;
			sourceTree = "<group>";
		};
		24E9DC5E24C2E0D400AD0841 /* LaunchScreen.storyboard */ = {
			isa = PBXVariantGroup;
			children = (
				24E9DC5F24C2E0D400AD0841 /* Base */,
			);
			name = LaunchScreen.storyboard;
			sourceTree = "<group>";
		};
/* End PBXVariantGroup section */

/* Begin XCBuildConfiguration section */
		24E9DC6224C2E0D400AD0841 /* Debug */ = {
			isa = XCBuildConfiguration;
			buildSettings = {
				ALWAYS_SEARCH_USER_PATHS = NO;
				CLANG_ANALYZER_NONNULL = YES;
				CLANG_ANALYZER_NUMBER_OBJECT_CONVERSION = YES_AGGRESSIVE;
				CLANG_CXX_LANGUAGE_STANDARD = "gnu++14";
				CLANG_CXX_LIBRARY = "libc++";
				CLANG_ENABLE_MODULES = YES;
				CLANG_ENABLE_OBJC_ARC = YES;
				CLANG_ENABLE_OBJC_WEAK = YES;
				CLANG_WARN_BLOCK_CAPTURE_AUTORELEASING = YES;
				CLANG_WARN_BOOL_CONVERSION = YES;
				CLANG_WARN_COMMA = YES;
				CLANG_WARN_CONSTANT_CONVERSION = YES;
				CLANG_WARN_DEPRECATED_OBJC_IMPLEMENTATIONS = YES;
				CLANG_WARN_DIRECT_OBJC_ISA_USAGE = YES_ERROR;
				CLANG_WARN_DOCUMENTATION_COMMENTS = YES;
				CLANG_WARN_EMPTY_BODY = YES;
				CLANG_WARN_ENUM_CONVERSION = YES;
				CLANG_WARN_INFINITE_RECURSION = YES;
				CLANG_WARN_INT_CONVERSION = YES;
				CLANG_WARN_NON_LITERAL_NULL_CONVERSION = YES;
				CLANG_WARN_OBJC_IMPLICIT_RETAIN_SELF = YES;
				CLANG_WARN_OBJC_LITERAL_CONVERSION = YES;
				CLANG_WARN_OBJC_ROOT_CLASS = YES_ERROR;
				CLANG_WARN_RANGE_LOOP_ANALYSIS = YES;
				CLANG_WARN_STRICT_PROTOTYPES = YES;
				CLANG_WARN_SUSPICIOUS_MOVE = YES;
				CLANG_WARN_UNGUARDED_AVAILABILITY = YES_AGGRESSIVE;
				CLANG_WARN_UNREACHABLE_CODE = YES;
				CLANG_WARN__DUPLICATE_METHOD_MATCH = YES;
				COPY_PHASE_STRIP = NO;
				DEBUG_INFORMATION_FORMAT = dwarf;
				ENABLE_STRICT_OBJC_MSGSEND = YES;
				ENABLE_TESTABILITY = YES;
				GCC_C_LANGUAGE_STANDARD = gnu11;
				GCC_DYNAMIC_NO_PIC = NO;
				GCC_NO_COMMON_BLOCKS = YES;
				GCC_OPTIMIZATION_LEVEL = 0;
				GCC_PREPROCESSOR_DEFINITIONS = (
					"DEBUG=1",
					"$(inherited)",
				);
				GCC_WARN_64_TO_32_BIT_CONVERSION = YES;
				GCC_WARN_ABOUT_RETURN_TYPE = YES_ERROR;
				GCC_WARN_UNDECLARED_SELECTOR = YES;
				GCC_WARN_UNINITIALIZED_AUTOS = YES_AGGRESSIVE;
				GCC_WARN_UNUSED_FUNCTION = YES;
				GCC_WARN_UNUSED_VARIABLE = YES;
				IPHONEOS_DEPLOYMENT_TARGET = 13.5;
				MTL_ENABLE_DEBUG_INFO = INCLUDE_SOURCE;
				MTL_FAST_MATH = YES;
				ONLY_ACTIVE_ARCH = YES;
				SDKROOT = iphoneos;
				SWIFT_ACTIVE_COMPILATION_CONDITIONS = DEBUG;
				SWIFT_OPTIMIZATION_LEVEL = "-Onone";
			};
			name = Debug;
		};
		24E9DC6324C2E0D400AD0841 /* Release */ = {
			isa = XCBuildConfiguration;
			buildSettings = {
				ALWAYS_SEARCH_USER_PATHS = NO;
				CLANG_ANALYZER_NONNULL = YES;
				CLANG_ANALYZER_NUMBER_OBJECT_CONVERSION = YES_AGGRESSIVE;
				CLANG_CXX_LANGUAGE_STANDARD = "gnu++14";
				CLANG_CXX_LIBRARY = "libc++";
				CLANG_ENABLE_MODULES = YES;
				CLANG_ENABLE_OBJC_ARC = YES;
				CLANG_ENABLE_OBJC_WEAK = YES;
				CLANG_WARN_BLOCK_CAPTURE_AUTORELEASING = YES;
				CLANG_WARN_BOOL_CONVERSION = YES;
				CLANG_WARN_COMMA = YES;
				CLANG_WARN_CONSTANT_CONVERSION = YES;
				CLANG_WARN_DEPRECATED_OBJC_IMPLEMENTATIONS = YES;
				CLANG_WARN_DIRECT_OBJC_ISA_USAGE = YES_ERROR;
				CLANG_WARN_DOCUMENTATION_COMMENTS = YES;
				CLANG_WARN_EMPTY_BODY = YES;
				CLANG_WARN_ENUM_CONVERSION = YES;
				CLANG_WARN_INFINITE_RECURSION = YES;
				CLANG_WARN_INT_CONVERSION = YES;
				CLANG_WARN_NON_LITERAL_NULL_CONVERSION = YES;
				CLANG_WARN_OBJC_IMPLICIT_RETAIN_SELF = YES;
				CLANG_WARN_OBJC_LITERAL_CONVERSION = YES;
				CLANG_WARN_OBJC_ROOT_CLASS = YES_ERROR;
				CLANG_WARN_RANGE_LOOP_ANALYSIS = YES;
				CLANG_WARN_STRICT_PROTOTYPES = YES;
				CLANG_WARN_SUSPICIOUS_MOVE = YES;
				CLANG_WARN_UNGUARDED_AVAILABILITY = YES_AGGRESSIVE;
				CLANG_WARN_UNREACHABLE_CODE = YES;
				CLANG_WARN__DUPLICATE_METHOD_MATCH = YES;
				COPY_PHASE_STRIP = NO;
				DEBUG_INFORMATION_FORMAT = "dwarf-with-dsym";
				ENABLE_NS_ASSERTIONS = NO;
				ENABLE_STRICT_OBJC_MSGSEND = YES;
				GCC_C_LANGUAGE_STANDARD = gnu11;
				GCC_NO_COMMON_BLOCKS = YES;
				GCC_WARN_64_TO_32_BIT_CONVERSION = YES;
				GCC_WARN_ABOUT_RETURN_TYPE = YES_ERROR;
				GCC_WARN_UNDECLARED_SELECTOR = YES;
				GCC_WARN_UNINITIALIZED_AUTOS = YES_AGGRESSIVE;
				GCC_WARN_UNUSED_FUNCTION = YES;
				GCC_WARN_UNUSED_VARIABLE = YES;
				IPHONEOS_DEPLOYMENT_TARGET = 13.5;
				MTL_ENABLE_DEBUG_INFO = NO;
				MTL_FAST_MATH = YES;
				SDKROOT = iphoneos;
				SWIFT_COMPILATION_MODE = wholemodule;
				SWIFT_OPTIMIZATION_LEVEL = "-O";
				VALIDATE_PRODUCT = YES;
			};
			name = Release;
		};
		24E9DC6524C2E0D400AD0841 /* Debug */ = {
			isa = XCBuildConfiguration;
			baseConfigurationReference = C094155FDF99E73A6B302138 /* Pods-AppCCoreData.debug.xcconfig */;
			buildSettings = {
				ASSETCATALOG_COMPILER_APPICON_NAME = AppIcon;
				CODE_SIGN_STYLE = Automatic;
				DEVELOPMENT_TEAM = GVV2Q84CVQ;
				INFOPLIST_FILE = AppCCoreData/Info.plist;
				LD_RUNPATH_SEARCH_PATHS = (
					"$(inherited)",
					"@executable_path/Frameworks",
				);
				PRODUCT_BUNDLE_IDENTIFIER = com.siraniadam.com.AppCCoreData;
				PRODUCT_NAME = "$(TARGET_NAME)";
				SWIFT_VERSION = 5.0;
				TARGETED_DEVICE_FAMILY = "1,2";
			};
			name = Debug;
		};
		24E9DC6624C2E0D400AD0841 /* Release */ = {
			isa = XCBuildConfiguration;
			baseConfigurationReference = A51F400D2CABD1C2B2A3459D /* Pods-AppCCoreData.release.xcconfig */;
			buildSettings = {
				ASSETCATALOG_COMPILER_APPICON_NAME = AppIcon;
				CODE_SIGN_STYLE = Automatic;
				DEVELOPMENT_TEAM = GVV2Q84CVQ;
				INFOPLIST_FILE = AppCCoreData/Info.plist;
				LD_RUNPATH_SEARCH_PATHS = (
					"$(inherited)",
					"@executable_path/Frameworks",
				);
				PRODUCT_BUNDLE_IDENTIFIER = com.siraniadam.com.AppCCoreData;
				PRODUCT_NAME = "$(TARGET_NAME)";
				SWIFT_VERSION = 5.0;
				TARGETED_DEVICE_FAMILY = "1,2";
			};
			name = Release;
		};
/* End XCBuildConfiguration section */

/* Begin XCConfigurationList section */
		24E9DC4824C2E0D200AD0841 /* Build configuration list for PBXProject "AppCCoreData" */ = {
			isa = XCConfigurationList;
			buildConfigurations = (
				24E9DC6224C2E0D400AD0841 /* Debug */,
				24E9DC6324C2E0D400AD0841 /* Release */,
			);
			defaultConfigurationIsVisible = 0;
			defaultConfigurationName = Release;
		};
		24E9DC6424C2E0D400AD0841 /* Build configuration list for PBXNativeTarget "AppCCoreData" */ = {
			isa = XCConfigurationList;
			buildConfigurations = (
				24E9DC6524C2E0D400AD0841 /* Debug */,
				24E9DC6624C2E0D400AD0841 /* Release */,
			);
			defaultConfigurationIsVisible = 0;
			defaultConfigurationName = Release;
		};
/* End XCConfigurationList section */

/* Begin XCVersionGroup section */
		24E9DC5924C2E0D200AD0841 /* AppCCoreData.xcdatamodeld */ = {
			isa = XCVersionGroup;
			children = (
				24E9DC5A24C2E0D200AD0841 /* AppCCoreData.xcdatamodel */,
			);
			currentVersion = 24E9DC5A24C2E0D200AD0841 /* AppCCoreData.xcdatamodel */;
			path = AppCCoreData.xcdatamodeld;
			sourceTree = "<group>";
			versionGroupType = wrapper.xcdatamodel;
		};
/* End XCVersionGroup section */
	};
	rootObject = 24E9DC4524C2E0D200AD0841 /* Project object */;
}
